// !$*UTF8*$!
{
	archiveVersion = 1;
	classes = {
	};
	objectVersion = 46;
	objects = {

/* Begin PBXBuildFile section */
		3254848A1DB9C324002032C8 /* AppDelegate.swift in Sources */ = {isa = PBXBuildFile; fileRef = 325484891DB9C324002032C8 /* AppDelegate.swift */; };
		3254848C1DB9C324002032C8 /* ViewController.swift in Sources */ = {isa = PBXBuildFile; fileRef = 3254848B1DB9C324002032C8 /* ViewController.swift */; };
		3254848F1DB9C324002032C8 /* Main.storyboard in Resources */ = {isa = PBXBuildFile; fileRef = 3254848D1DB9C324002032C8 /* Main.storyboard */; };
		325484911DB9C324002032C8 /* Assets.xcassets in Resources */ = {isa = PBXBuildFile; fileRef = 325484901DB9C324002032C8 /* Assets.xcassets */; };
		325484941DB9C324002032C8 /* LaunchScreen.storyboard in Resources */ = {isa = PBXBuildFile; fileRef = 325484921DB9C324002032C8 /* LaunchScreen.storyboard */; };
		3254849F1DB9C325002032C8 /* Project2Tests.swift in Sources */ = {isa = PBXBuildFile; fileRef = 3254849E1DB9C325002032C8 /* Project2Tests.swift */; };
		325484AA1DB9C325002032C8 /* Project2UITests.swift in Sources */ = {isa = PBXBuildFile; fileRef = 325484A91DB9C325002032C8 /* Project2UITests.swift */; };
/* End PBXBuildFile section */

/* Begin PBXContainerItemProxy section */
		3254849B1DB9C325002032C8 /* PBXContainerItemProxy */ = {
			isa = PBXContainerItemProxy;
			containerPortal = 3254847E1DB9C324002032C8 /* Project object */;
			proxyType = 1;
			remoteGlobalIDString = 325484851DB9C324002032C8;
			remoteInfo = Project2;
		};
		325484A61DB9C325002032C8 /* PBXContainerItemProxy */ = {
			isa = PBXContainerItemProxy;
			containerPortal = 3254847E1DB9C324002032C8 /* Project object */;
			proxyType = 1;
			remoteGlobalIDString = 325484851DB9C324002032C8;
			remoteInfo = Project2;
		};
/* End PBXContainerItemProxy section */

/* Begin PBXFileReference section */
		325484861DB9C324002032C8 /* Project2.app */ = {isa = PBXFileReference; explicitFileType = wrapper.application; includeInIndex = 0; path = Project2.app; sourceTree = BUILT_PRODUCTS_DIR; };
		325484891DB9C324002032C8 /* AppDelegate.swift */ = {isa = PBXFileReference; lastKnownFileType = sourcecode.swift; path = AppDelegate.swift; sourceTree = "<group>"; };
		3254848B1DB9C324002032C8 /* ViewController.swift */ = {isa = PBXFileReference; lastKnownFileType = sourcecode.swift; path = ViewController.swift; sourceTree = "<group>"; };
		3254848E1DB9C324002032C8 /* Base */ = {isa = PBXFileReference; lastKnownFileType = file.storyboard; name = Base; path = Base.lproj/Main.storyboard; sourceTree = "<group>"; };
		325484901DB9C324002032C8 /* Assets.xcassets */ = {isa = PBXFileReference; lastKnownFileType = folder.assetcatalog; path = Assets.xcassets; sourceTree = "<group>"; };
		325484931DB9C324002032C8 /* Base */ = {isa = PBXFileReference; lastKnownFileType = file.storyboard; name = Base; path = Base.lproj/LaunchScreen.storyboard; sourceTree = "<group>"; };
		325484951DB9C324002032C8 /* Info.plist */ = {isa = PBXFileReference; lastKnownFileType = text.plist.xml; path = Info.plist; sourceTree = "<group>"; };
		3254849A1DB9C325002032C8 /* Project2Tests.xctest */ = {isa = PBXFileReference; explicitFileType = wrapper.cfbundle; includeInIndex = 0; path = Project2Tests.xctest; sourceTree = BUILT_PRODUCTS_DIR; };
		3254849E1DB9C325002032C8 /* Project2Tests.swift */ = {isa = PBXFileReference; lastKnownFileType = sourcecode.swift; path = Project2Tests.swift; sourceTree = "<group>"; };
		325484A01DB9C325002032C8 /* Info.plist */ = {isa = PBXFileReference; lastKnownFileType = text.plist.xml; path = Info.plist; sourceTree = "<group>"; };
		325484A51DB9C325002032C8 /* Project2UITests.xctest */ = {isa = PBXFileReference; explicitFileType = wrapper.cfbundle; includeInIndex = 0; path = Project2UITests.xctest; sourceTree = BUILT_PRODUCTS_DIR; };
		325484A91DB9C325002032C8 /* Project2UITests.swift */ = {isa = PBXFileReference; lastKnownFileType = sourcecode.swift; path = Project2UITests.swift; sourceTree = "<group>"; };
		325484AB1DB9C325002032C8 /* Info.plist */ = {isa = PBXFileReference; lastKnownFileType = text.plist.xml; path = Info.plist; sourceTree = "<group>"; };
/* End PBXFileReference section */

/* Begin PBXFrameworksBuildPhase section */
		325484831DB9C324002032C8 /* Frameworks */ = {
			isa = PBXFrameworksBuildPhase;
			buildActionMask = 2147483647;
			files = (
			);
			runOnlyForDeploymentPostprocessing = 0;
		};
		325484971DB9C325002032C8 /* Frameworks */ = {
			isa = PBXFrameworksBuildPhase;
			buildActionMask = 2147483647;
			files = (
			);
			runOnlyForDeploymentPostprocessing = 0;
		};
		325484A21DB9C325002032C8 /* Frameworks */ = {
			isa = PBXFrameworksBuildPhase;
			buildActionMask = 2147483647;
			files = (
			);
			runOnlyForDeploymentPostprocessing = 0;
		};
/* End PBXFrameworksBuildPhase section */

/* Begin PBXGroup section */
		3254847D1DB9C324002032C8 = {
			isa = PBXGroup;
			children = (
				325484881DB9C324002032C8 /* Project2 */,
				3254849D1DB9C325002032C8 /* Project2Tests */,
				325484A81DB9C325002032C8 /* Project2UITests */,
				325484871DB9C324002032C8 /* Products */,
			);
			sourceTree = "<group>";
		};
		325484871DB9C324002032C8 /* Products */ = {
			isa = PBXGroup;
			children = (
				325484861DB9C324002032C8 /* Project2.app */,
				3254849A1DB9C325002032C8 /* Project2Tests.xctest */,
				325484A51DB9C325002032C8 /* Project2UITests.xctest */,
			);
			name = Products;
			sourceTree = "<group>";
		};
		325484881DB9C324002032C8 /* Project2 */ = {
			isa = PBXGroup;
			children = (
				325484891DB9C324002032C8 /* AppDelegate.swift */,
				3254848B1DB9C324002032C8 /* ViewController.swift */,
				3254848D1DB9C324002032C8 /* Main.storyboard */,
				325484901DB9C324002032C8 /* Assets.xcassets */,
				325484921DB9C324002032C8 /* LaunchScreen.storyboard */,
				325484951DB9C324002032C8 /* Info.plist */,
			);
			path = Project2;
			sourceTree = "<group>";
		};
		3254849D1DB9C325002032C8 /* Project2Tests */ = {
			isa = PBXGroup;
			children = (
				3254849E1DB9C325002032C8 /* Project2Tests.swift */,
				325484A01DB9C325002032C8 /* Info.plist */,
			);
			path = Project2Tests;
			sourceTree = "<group>";
		};
		325484A81DB9C325002032C8 /* Project2UITests */ = {
			isa = PBXGroup;
			children = (
				325484A91DB9C325002032C8 /* Project2UITests.swift */,
				325484AB1DB9C325002032C8 /* Info.plist */,
			);
			path = Project2UITests;
			sourceTree = "<group>";
		};
/* End PBXGroup section */

/* Begin PBXNativeTarget section */
		325484851DB9C324002032C8 /* Project2 */ = {
			isa = PBXNativeTarget;
			buildConfigurationList = 325484AE1DB9C325002032C8 /* Build configuration list for PBXNativeTarget "Project2" */;
			buildPhases = (
				325484821DB9C324002032C8 /* Sources */,
				325484831DB9C324002032C8 /* Frameworks */,
				325484841DB9C324002032C8 /* Resources */,
			);
			buildRules = (
			);
			dependencies = (
			);
			name = Project2;
			productName = Project2;
			productReference = 325484861DB9C324002032C8 /* Project2.app */;
			productType = "com.apple.product-type.application";
		};
		325484991DB9C325002032C8 /* Project2Tests */ = {
			isa = PBXNativeTarget;
			buildConfigurationList = 325484B11DB9C325002032C8 /* Build configuration list for PBXNativeTarget "Project2Tests" */;
			buildPhases = (
				325484961DB9C325002032C8 /* Sources */,
				325484971DB9C325002032C8 /* Frameworks */,
				325484981DB9C325002032C8 /* Resources */,
			);
			buildRules = (
			);
			dependencies = (
				3254849C1DB9C325002032C8 /* PBXTargetDependency */,
			);
			name = Project2Tests;
			productName = Project2Tests;
			productReference = 3254849A1DB9C325002032C8 /* Project2Tests.xctest */;
			productType = "com.apple.product-type.bundle.unit-test";
		};
		325484A41DB9C325002032C8 /* Project2UITests */ = {
			isa = PBXNativeTarget;
			buildConfigurationList = 325484B41DB9C325002032C8 /* Build configuration list for PBXNativeTarget "Project2UITests" */;
			buildPhases = (
				325484A11DB9C325002032C8 /* Sources */,
				325484A21DB9C325002032C8 /* Frameworks */,
				325484A31DB9C325002032C8 /* Resources */,
			);
			buildRules = (
			);
			dependencies = (
				325484A71DB9C325002032C8 /* PBXTargetDependency */,
			);
			name = Project2UITests;
			productName = Project2UITests;
			productReference = 325484A51DB9C325002032C8 /* Project2UITests.xctest */;
			productType = "com.apple.product-type.bundle.ui-testing";
		};
/* End PBXNativeTarget section */

/* Begin PBXProject section */
		3254847E1DB9C324002032C8 /* Project object */ = {
			isa = PBXProject;
			attributes = {
				LastSwiftUpdateCheck = 0800;
				LastUpgradeCheck = 0800;
				ORGANIZATIONNAME = Blue;
				TargetAttributes = {
					325484851DB9C324002032C8 = {
						CreatedOnToolsVersion = 8.0;
						ProvisioningStyle = Automatic;
					};
					325484991DB9C325002032C8 = {
						CreatedOnToolsVersion = 8.0;
						ProvisioningStyle = Automatic;
						TestTargetID = 325484851DB9C324002032C8;
					};
					325484A41DB9C325002032C8 = {
						CreatedOnToolsVersion = 8.0;
						ProvisioningStyle = Automatic;
						TestTargetID = 325484851DB9C324002032C8;
					};
				};
			};
			buildConfigurationList = 325484811DB9C324002032C8 /* Build configuration list for PBXProject "Project2" */;
			compatibilityVersion = "Xcode 3.2";
			developmentRegion = English;
			hasScannedForEncodings = 0;
			knownRegions = (
				en,
				Base,
			);
			mainGroup = 3254847D1DB9C324002032C8;
			productRefGroup = 325484871DB9C324002032C8 /* Products */;
			projectDirPath = "";
			projectRoot = "";
			targets = (
				325484851DB9C324002032C8 /* Project2 */,
				325484991DB9C325002032C8 /* Project2Tests */,
				325484A41DB9C325002032C8 /* Project2UITests */,
			);
		};
/* End PBXProject section */

/* Begin PBXResourcesBuildPhase section */
		325484841DB9C324002032C8 /* Resources */ = {
			isa = PBXResourcesBuildPhase;
			buildActionMask = 2147483647;
			files = (
				325484941DB9C324002032C8 /* LaunchScreen.storyboard in Resources */,
				325484911DB9C324002032C8 /* Assets.xcassets in Resources */,
				3254848F1DB9C324002032C8 /* Main.storyboard in Resources */,
			);
			runOnlyForDeploymentPostprocessing = 0;
		};
		325484981DB9C325002032C8 /* Resources */ = {
			isa = PBXResourcesBuildPhase;
			buildActionMask = 2147483647;
			files = (
			);
			runOnlyForDeploymentPostprocessing = 0;
		};
		325484A31DB9C325002032C8 /* Resources */ = {
			isa = PBXResourcesBuildPhase;
			buildActionMask = 2147483647;
			files = (
			);
			runOnlyForDeploymentPostprocessing = 0;
		};
/* End PBXResourcesBuildPhase section */

/* Begin PBXSourcesBuildPhase section */
		325484821DB9C324002032C8 /* Sources */ = {
			isa = PBXSourcesBuildPhase;
			buildActionMask = 2147483647;
			files = (
				3254848C1DB9C324002032C8 /* ViewController.swift in Sources */,
				3254848A1DB9C324002032C8 /* AppDelegate.swift in Sources */,
			);
			runOnlyForDeploymentPostprocessing = 0;
		};
		325484961DB9C325002032C8 /* Sources */ = {
			isa = PBXSourcesBuildPhase;
			buildActionMask = 2147483647;
			files = (
				3254849F1DB9C325002032C8 /* Project2Tests.swift in Sources */,
			);
			runOnlyForDeploymentPostprocessing = 0;
		};
		325484A11DB9C325002032C8 /* Sources */ = {
			isa = PBXSourcesBuildPhase;
			buildActionMask = 2147483647;
			files = (
				325484AA1DB9C325002032C8 /* Project2UITests.swift in Sources */,
			);
			runOnlyForDeploymentPostprocessing = 0;
		};
/* End PBXSourcesBuildPhase section */

/* Begin PBXTargetDependency section */
		3254849C1DB9C325002032C8 /* PBXTargetDependency */ = {
			isa = PBXTargetDependency;
			target = 325484851DB9C324002032C8 /* Project2 */;
			targetProxy = 3254849B1DB9C325002032C8 /* PBXContainerItemProxy */;
		};
		325484A71DB9C325002032C8 /* PBXTargetDependency */ = {
			isa = PBXTargetDependency;
			target = 325484851DB9C324002032C8 /* Project2 */;
			targetProxy = 325484A61DB9C325002032C8 /* PBXContainerItemProxy */;
		};
/* End PBXTargetDependency section */

/* Begin PBXVariantGroup section */
		3254848D1DB9C324002032C8 /* Main.storyboard */ = {
			isa = PBXVariantGroup;
			children = (
				3254848E1DB9C324002032C8 /* Base */,
			);
			name = Main.storyboard;
			sourceTree = "<group>";
		};
		325484921DB9C324002032C8 /* LaunchScreen.storyboard */ = {
			isa = PBXVariantGroup;
			children = (
				325484931DB9C324002032C8 /* Base */,
			);
			name = LaunchScreen.storyboard;
			sourceTree = "<group>";
		};
/* End PBXVariantGroup section */

/* Begin XCBuildConfiguration section */
		325484AC1DB9C325002032C8 /* Debug */ = {
			isa = XCBuildConfiguration;
			buildSettings = {
				ALWAYS_SEARCH_USER_PATHS = NO;
				CLANG_ANALYZER_NONNULL = YES;
				CLANG_CXX_LANGUAGE_STANDARD = "gnu++0x";
				CLANG_CXX_LIBRARY = "libc++";
				CLANG_ENABLE_MODULES = YES;
				CLANG_ENABLE_OBJC_ARC = YES;
				CLANG_WARN_BOOL_CONVERSION = YES;
				CLANG_WARN_CONSTANT_CONVERSION = YES;
				CLANG_WARN_DIRECT_OBJC_ISA_USAGE = YES_ERROR;
				CLANG_WARN_DOCUMENTATION_COMMENTS = YES;
				CLANG_WARN_EMPTY_BODY = YES;
				CLANG_WARN_ENUM_CONVERSION = YES;
				CLANG_WARN_INFINITE_RECURSION = YES;
				CLANG_WARN_INT_CONVERSION = YES;
				CLANG_WARN_OBJC_ROOT_CLASS = YES_ERROR;
				CLANG_WARN_SUSPICIOUS_MOVES = YES;
				CLANG_WARN_UNREACHABLE_CODE = YES;
				CLANG_WARN__DUPLICATE_METHOD_MATCH = YES;
				"CODE_SIGN_IDENTITY[sdk=iphoneos*]" = "iPhone Developer";
				COPY_PHASE_STRIP = NO;
				DEBUG_INFORMATION_FORMAT = dwarf;
				ENABLE_STRICT_OBJC_MSGSEND = YES;
				ENABLE_TESTABILITY = YES;
				GCC_C_LANGUAGE_STANDARD = gnu99;
				GCC_DYNAMIC_NO_PIC = NO;
				GCC_NO_COMMON_BLOCKS = YES;
				GCC_OPTIMIZATION_LEVEL = 0;
				GCC_PREPROCESSOR_DEFINITIONS = (
					"DEBUG=1",
					"$(inherited)",
				);
				GCC_WARN_64_TO_32_BIT_CONVERSION = YES;
				GCC_WARN_ABOUT_RETURN_TYPE = YES_ERROR;
				GCC_WARN_UNDECLARED_SELECTOR = YES;
				GCC_WARN_UNINITIALIZED_AUTOS = YES_AGGRESSIVE;
				GCC_WARN_UNUSED_FUNCTION = YES;
				GCC_WARN_UNUSED_VARIABLE = YES;
				IPHONEOS_DEPLOYMENT_TARGET = 10.0;
				MTL_ENABLE_DEBUG_INFO = YES;
				ONLY_ACTIVE_ARCH = YES;
				SDKROOT = iphoneos;
				SWIFT_ACTIVE_COMPILATION_CONDITIONS = DEBUG;
				SWIFT_OPTIMIZATION_LEVEL = "-Onone";
			};
			name = Debug;
		};
		325484AD1DB9C325002032C8 /* Release */ = {
			isa = XCBuildConfiguration;
			buildSettings = {
				ALWAYS_SEARCH_USER_PATHS = NO;
				CLANG_ANALYZER_NONNULL = YES;
				CLANG_CXX_LANGUAGE_STANDARD = "gnu++0x";
				CLANG_CXX_LIBRARY = "libc++";
				CLANG_ENABLE_MODULES = YES;
				CLANG_ENABLE_OBJC_ARC = YES;
				CLANG_WARN_BOOL_CONVERSION = YES;
				CLANG_WARN_CONSTANT_CONVERSION = YES;
				CLANG_WARN_DIRECT_OBJC_ISA_USAGE = YES_ERROR;
				CLANG_WARN_DOCUMENTATION_COMMENTS = YES;
				CLANG_WARN_EMPTY_BODY = YES;
				CLANG_WARN_ENUM_CONVERSION = YES;
				CLANG_WARN_INFINITE_RECURSION = YES;
				CLANG_WARN_INT_CONVERSION = YES;
				CLANG_WARN_OBJC_ROOT_CLASS = YES_ERROR;
				CLANG_WARN_SUSPICIOUS_MOVES = YES;
				CLANG_WARN_UNREACHABLE_CODE = YES;
				CLANG_WARN__DUPLICATE_METHOD_MATCH = YES;
				"CODE_SIGN_IDENTITY[sdk=iphoneos*]" = "iPhone Developer";
				COPY_PHASE_STRIP = NO;
				DEBUG_INFORMATION_FORMAT = "dwarf-with-dsym";
				ENABLE_NS_ASSERTIONS = NO;
				ENABLE_STRICT_OBJC_MSGSEND = YES;
				GCC_C_LANGUAGE_STANDARD = gnu99;
				GCC_NO_COMMON_BLOCKS = YES;
				GCC_WARN_64_TO_32_BIT_CONVERSION = YES;
				GCC_WARN_ABOUT_RETURN_TYPE = YES_ERROR;
				GCC_WARN_UNDECLARED_SELECTOR = YES;
				GCC_WARN_UNINITIALIZED_AUTOS = YES_AGGRESSIVE;
				GCC_WARN_UNUSED_FUNCTION = YES;
				GCC_WARN_UNUSED_VARIABLE = YES;
				IPHONEOS_DEPLOYMENT_TARGET = 10.0;
				MTL_ENABLE_DEBUG_INFO = NO;
				SDKROOT = iphoneos;
				SWIFT_OPTIMIZATION_LEVEL = "-Owholemodule";
				VALIDATE_PRODUCT = YES;
			};
			name = Release;
		};
		325484AF1DB9C325002032C8 /* Debug */ = {
			isa = XCBuildConfiguration;
			buildSettings = {
				ASSETCATALOG_COMPILER_APPICON_NAME = AppIcon;
				INFOPLIST_FILE = Project2/Info.plist;
				LD_RUNPATH_SEARCH_PATHS = "$(inherited) @executable_path/Frameworks";
				PRODUCT_BUNDLE_IDENTIFIER = com.chinandrei.Project2;
				PRODUCT_NAME = "$(TARGET_NAME)";
				SWIFT_VERSION = 3.0;
			};
			name = Debug;
		};
		325484B01DB9C325002032C8 /* Release */ = {
			isa = XCBuildConfiguration;
			buildSettings = {
				ASSETCATALOG_COMPILER_APPICON_NAME = AppIcon;
				INFOPLIST_FILE = Project2/Info.plist;
				LD_RUNPATH_SEARCH_PATHS = "$(inherited) @executable_path/Frameworks";
				PRODUCT_BUNDLE_IDENTIFIER = com.chinandrei.Project2;
				PRODUCT_NAME = "$(TARGET_NAME)";
				SWIFT_VERSION = 3.0;
			};
			name = Release;
		};
		325484B21DB9C325002032C8 /* Debug */ = {
			isa = XCBuildConfiguration;
			buildSettings = {
				ALWAYS_EMBED_SWIFT_STANDARD_LIBRARIES = YES;
				BUNDLE_LOADER = "$(TEST_HOST)";
				INFOPLIST_FILE = Project2Tests/Info.plist;
				LD_RUNPATH_SEARCH_PATHS = "$(inherited) @executable_path/Frameworks @loader_path/Frameworks";
				PRODUCT_BUNDLE_IDENTIFIER = com.chinandrei.Project2Tests;
				PRODUCT_NAME = "$(TARGET_NAME)";
				SWIFT_VERSION = 3.0;
				TEST_HOST = "$(BUILT_PRODUCTS_DIR)/Project2.app/Project2";
			};
			name = Debug;
		};
		325484B31DB9C325002032C8 /* Release */ = {
			isa = XCBuildConfiguration;
			buildSettings = {
				ALWAYS_EMBED_SWIFT_STANDARD_LIBRARIES = YES;
				BUNDLE_LOADER = "$(TEST_HOST)";
				INFOPLIST_FILE = Project2Tests/Info.plist;
				LD_RUNPATH_SEARCH_PATHS = "$(inherited) @executable_path/Frameworks @loader_path/Frameworks";
				PRODUCT_BUNDLE_IDENTIFIER = com.chinandrei.Project2Tests;
				PRODUCT_NAME = "$(TARGET_NAME)";
				SWIFT_VERSION = 3.0;
				TEST_HOST = "$(BUILT_PRODUCTS_DIR)/Project2.app/Project2";
			};
			name = Release;
		};
		325484B51DB9C325002032C8 /* Debug */ = {
			isa = XCBuildConfiguration;
			buildSettings = {
				ALWAYS_EMBED_SWIFT_STANDARD_LIBRARIES = YES;
				INFOPLIST_FILE = Project2UITests/Info.plist;
				LD_RUNPATH_SEARCH_PATHS = "$(inherited) @executable_path/Frameworks @loader_path/Frameworks";
				PRODUCT_BUNDLE_IDENTIFIER = com.chinandrei.Project2UITests;
				PRODUCT_NAME = "$(TARGET_NAME)";
				SWIFT_VERSION = 3.0;
				TEST_TARGET_NAME = Project2;
			};
			name = Debug;
		};
		325484B61DB9C325002032C8 /* Release */ = {
			isa = XCBuildConfiguration;
			buildSettings = {
				ALWAYS_EMBED_SWIFT_STANDARD_LIBRARIES = YES;
				INFOPLIST_FILE = Project2UITests/Info.plist;
				LD_RUNPATH_SEARCH_PATHS = "$(inherited) @executable_path/Frameworks @loader_path/Frameworks";
				PRODUCT_BUNDLE_IDENTIFIER = com.chinandrei.Project2UITests;
				PRODUCT_NAME = "$(TARGET_NAME)";
				SWIFT_VERSION = 3.0;
				TEST_TARGET_NAME = Project2;
			};
			name = Release;
		};
/* End XCBuildConfiguration section */

/* Begin XCConfigurationList section */
		325484811DB9C324002032C8 /* Build configuration list for PBXProject "Project2" */ = {
			isa = XCConfigurationList;
			buildConfigurations = (
				325484AC1DB9C325002032C8 /* Debug */,
				325484AD1DB9C325002032C8 /* Release */,
			);
			defaultConfigurationIsVisible = 0;
			defaultConfigurationName = Release;
		};
		325484AE1DB9C325002032C8 /* Build configuration list for PBXNativeTarget "Project2" */ = {
			isa = XCConfigurationList;
			buildConfigurations = (
				325484AF1DB9C325002032C8 /* Debug */,
				325484B01DB9C325002032C8 /* Release */,
			);
			defaultConfigurationIsVisible = 0;
		};
		325484B11DB9C325002032C8 /* Build configuration list for PBXNativeTarget "Project2Tests" */ = {
			isa = XCConfigurationList;
			buildConfigurations = (
				325484B21DB9C325002032C8 /* Debug */,
				325484B31DB9C325002032C8 /* Release */,
			);
			defaultConfigurationIsVisible = 0;
		};
		325484B41DB9C325002032C8 /* Build configuration list for PBXNativeTarget "Project2UITests" */ = {
			isa = XCConfigurationList;
			buildConfigurations = (
				325484B51DB9C325002032C8 /* Debug */,
				325484B61DB9C325002032C8 /* Release */,
			);
			defaultConfigurationIsVisible = 0;
		};
/* End XCConfigurationList section */
	};
	rootObject = 3254847E1DB9C324002032C8 /* Project object */;
}
